
Microsoft Visual Studio Solution File, Format Version 12.00
# Visual Studio Version 17
VisualStudioVersion = 17.3.32929.385
MinimumVisualStudioVersion = 10.0.40219.1
Project("{FAE04EC0-301F-11D3-BF4B-00C04F79EFBC}") = "ConsoleApp2", "ConsoleApp2\ConsoleApp2.csproj", "{0F2D7F40-0BFB-4D56-B372-55F73526193F}"
EndProject
Global
	GlobalSection(SolutionConfigurationPlatforms) = preSolution
		Debug|Any CPU = Debug|Any CPU
		Release|Any CPU = Release|Any CPU
	EndGlobalSection
	GlobalSection(ProjectConfigurationPlatforms) = postSolution
		{0F2D7F40-0BFB-4D56-B372-55F73526193F}.Debug|Any CPU.ActiveCfg = Debug|Any CPU
		{0F2D7F40-0BFB-4D56-B372-55F73526193F}.Debug|Any CPU.Build.0 = Debug|Any CPU
		{0F2D7F40-0BFB-4D56-B372-55F73526193F}.Release|Any CPU.ActiveCfg = Release|Any CPU
		{0F2D7F40-0BFB-4D56-B372-55F73526193F}.Release|Any CPU.Build.0 = Release|Any CPU
	EndGlobalSection
	GlobalSection(SolutionProperties) = preSolution
		HideSolutionNode = FALSE
	EndGlobalSection
	GlobalSection(ExtensibilityGlobals) = postSolution
		SolutionGuid = {34BF1C11-DFFF-45A5-B5B8-1F65E86427CD}
	EndGlobalSection
EndGlobal
